
Microsoft Visual Studio Solution File, Format Version 12.00
# Visual Studio Version 17
VisualStudioVersion = 17.4.33403.182
MinimumVisualStudioVersion = 10.0.40219.1
Project("{9A19103F-16F7-4668-BE54-9A1E7A4F7556}") = "DressBeforeLeavingTheHouse", "DressBeforeLeavingTheHouse\DressBeforeLeavingTheHouse.csproj", "{4E558C9B-C6F0-4241-8FC7-889B35AF9E11}"
EndProject
Project("{FAE04EC0-301F-11D3-BF4B-00C04F79EFBC}") = "DressBeforeLeavingTheHouse.Tests", "DressBeforeLeavingTheHouse.Tests\DressBeforeLeavingTheHouse.Tests.csproj", "{A04596C4-BE87-4B4A-8A61-DA3F37989162}"
EndProject
Global
	GlobalSection(SolutionConfigurationPlatforms) = preSolution
		Debug|Any CPU = Debug|Any CPU
		Release|Any CPU = Release|Any CPU
	EndGlobalSection
	GlobalSection(ProjectConfigurationPlatforms) = postSolution
		{4E558C9B-C6F0-4241-8FC7-889B35AF9E11}.Debug|Any CPU.ActiveCfg = Debug|Any CPU
		{4E558C9B-C6F0-4241-8FC7-889B35AF9E11}.Debug|Any CPU.Build.0 = Debug|Any CPU
		{4E558C9B-C6F0-4241-8FC7-889B35AF9E11}.Release|Any CPU.ActiveCfg = Release|Any CPU
		{4E558C9B-C6F0-4241-8FC7-889B35AF9E11}.Release|Any CPU.Build.0 = Release|Any CPU
		{A04596C4-BE87-4B4A-8A61-DA3F37989162}.Debug|Any CPU.ActiveCfg = Debug|Any CPU
		{A04596C4-BE87-4B4A-8A61-DA3F37989162}.Debug|Any CPU.Build.0 = Debug|Any CPU
		{A04596C4-BE87-4B4A-8A61-DA3F37989162}.Release|Any CPU.ActiveCfg = Release|Any CPU
		{A04596C4-BE87-4B4A-8A61-DA3F37989162}.Release|Any CPU.Build.0 = Release|Any CPU
	EndGlobalSection
	GlobalSection(SolutionProperties) = preSolution
		HideSolutionNode = FALSE
	EndGlobalSection
	GlobalSection(ExtensibilityGlobals) = postSolution
		SolutionGuid = {6A7B4E00-FE69-4BA0-B4CB-9A3DDEEC21E3}
	EndGlobalSection
EndGlobal
